// !$*UTF8*$!
{
	archiveVersion = 1;
	classes = {
	};
	objectVersion = 50;
	objects = {

/* Begin PBXBuildFile section */
		2B52A26D09EEEBCA1499604C /* Pods_xx1_0.framework in Frameworks */ = {isa = PBXBuildFile; fileRef = F2D9DCD7DE8B8B052214391C /* Pods_xx1_0.framework */; };
		58B1118D22007E700094C9C3 /* AppDelegate.swift in Sources */ = {isa = PBXBuildFile; fileRef = 58B1118C22007E700094C9C3 /* AppDelegate.swift */; };
		58B1119422007E710094C9C3 /* Assets.xcassets in Resources */ = {isa = PBXBuildFile; fileRef = 58B1119322007E710094C9C3 /* Assets.xcassets */; };
		58B1119722007E710094C9C3 /* LaunchScreen.storyboard in Resources */ = {isa = PBXBuildFile; fileRef = 58B1119522007E710094C9C3 /* LaunchScreen.storyboard */; };
		58B111AF220176660094C9C3 /* MCTabBar.swift in Sources */ = {isa = PBXBuildFile; fileRef = 58B111AD220176650094C9C3 /* MCTabBar.swift */; };
		58B111B0220176660094C9C3 /* MCTabBarController.swift in Sources */ = {isa = PBXBuildFile; fileRef = 58B111AE220176650094C9C3 /* MCTabBarController.swift */; };
		58B111B22201781D0094C9C3 /* xxTabBarViewController.swift in Sources */ = {isa = PBXBuildFile; fileRef = 58B111B12201781D0094C9C3 /* xxTabBarViewController.swift */; };
		58B111B42201796F0094C9C3 /* xxNavigationController.swift in Sources */ = {isa = PBXBuildFile; fileRef = 58B111B32201796F0094C9C3 /* xxNavigationController.swift */; };
		58B111BB22017AD70094C9C3 /* SettingViewController.swift in Sources */ = {isa = PBXBuildFile; fileRef = 58B111B622017AD70094C9C3 /* SettingViewController.swift */; };
		58B111BD22017AD70094C9C3 /* DetailViewController.swift in Sources */ = {isa = PBXBuildFile; fileRef = 58B111B822017AD70094C9C3 /* DetailViewController.swift */; };
		58B111BE22017AD70094C9C3 /* ChartViewController.swift in Sources */ = {isa = PBXBuildFile; fileRef = 58B111B922017AD70094C9C3 /* ChartViewController.swift */; };
		58B111BF22017AD70094C9C3 /* AccountViewController.swift in Sources */ = {isa = PBXBuildFile; fileRef = 58B111BA22017AD70094C9C3 /* AccountViewController.swift */; };
		A6179AAA222924A600D9960E /* addBooksViewController.swift in Sources */ = {isa = PBXBuildFile; fileRef = A6179AA9222924A600D9960E /* addBooksViewController.swift */; };
		A6179AB1222B800500D9960E /* dic1.plist in Resources */ = {isa = PBXBuildFile; fileRef = A6179AB0222B800500D9960E /* dic1.plist */; };
		A6179AB3222E677800D9960E /* dic2.plist in Resources */ = {isa = PBXBuildFile; fileRef = A6179AB2222E677800D9960E /* dic2.plist */; };
		A6179AB5222E67CC00D9960E /* dic3.plist in Resources */ = {isa = PBXBuildFile; fileRef = A6179AB4222E67CC00D9960E /* dic3.plist */; };
		A6179AB7222E67D800D9960E /* dic4.plist in Resources */ = {isa = PBXBuildFile; fileRef = A6179AB6222E67D800D9960E /* dic4.plist */; };
		A6179AB9222E67EC00D9960E /* dic5.plist in Resources */ = {isa = PBXBuildFile; fileRef = A6179AB8222E67EC00D9960E /* dic5.plist */; };
		A68C13AC224A1106009E61BE /* CameraHandler.swift in Sources */ = {isa = PBXBuildFile; fileRef = A68C13AB224A1105009E61BE /* CameraHandler.swift */; };
/* End PBXBuildFile section */

/* Begin PBXFileReference section */
		58B1118922007E700094C9C3 /* xx1.0.app */ = {isa = PBXFileReference; explicitFileType = wrapper.application; includeInIndex = 0; path = xx1.0.app; sourceTree = BUILT_PRODUCTS_DIR; };
		58B1118C22007E700094C9C3 /* AppDelegate.swift */ = {isa = PBXFileReference; lastKnownFileType = sourcecode.swift; path = AppDelegate.swift; sourceTree = "<group>"; };
		58B1119322007E710094C9C3 /* Assets.xcassets */ = {isa = PBXFileReference; lastKnownFileType = folder.assetcatalog; path = Assets.xcassets; sourceTree = "<group>"; };
		58B1119622007E710094C9C3 /* Base */ = {isa = PBXFileReference; lastKnownFileType = file.storyboard; name = Base; path = Base.lproj/LaunchScreen.storyboard; sourceTree = "<group>"; };
		58B1119822007E710094C9C3 /* Info.plist */ = {isa = PBXFileReference; lastKnownFileType = text.plist.xml; path = Info.plist; sourceTree = "<group>"; };
		58B111AD220176650094C9C3 /* MCTabBar.swift */ = {isa = PBXFileReference; fileEncoding = 4; lastKnownFileType = sourcecode.swift; path = MCTabBar.swift; sourceTree = "<group>"; };
		58B111AE220176650094C9C3 /* MCTabBarController.swift */ = {isa = PBXFileReference; fileEncoding = 4; lastKnownFileType = sourcecode.swift; path = MCTabBarController.swift; sourceTree = "<group>"; };
		58B111B12201781D0094C9C3 /* xxTabBarViewController.swift */ = {isa = PBXFileReference; lastKnownFileType = sourcecode.swift; path = xxTabBarViewController.swift; sourceTree = "<group>"; };
		58B111B32201796F0094C9C3 /* xxNavigationController.swift */ = {isa = PBXFileReference; lastKnownFileType = sourcecode.swift; path = xxNavigationController.swift; sourceTree = "<group>"; };
		58B111B622017AD70094C9C3 /* SettingViewController.swift */ = {isa = PBXFileReference; fileEncoding = 4; lastKnownFileType = sourcecode.swift; path = SettingViewController.swift; sourceTree = "<group>"; };
		58B111B822017AD70094C9C3 /* DetailViewController.swift */ = {isa = PBXFileReference; fileEncoding = 4; lastKnownFileType = sourcecode.swift; path = DetailViewController.swift; sourceTree = "<group>"; };
		58B111B922017AD70094C9C3 /* ChartViewController.swift */ = {isa = PBXFileReference; fileEncoding = 4; lastKnownFileType = sourcecode.swift; path = ChartViewController.swift; sourceTree = "<group>"; };
		58B111BA22017AD70094C9C3 /* AccountViewController.swift */ = {isa = PBXFileReference; fileEncoding = 4; lastKnownFileType = sourcecode.swift; path = AccountViewController.swift; sourceTree = "<group>"; };
		726C82CBE3103A7BD2B4F43A /* Pods-xx1.0.release.xcconfig */ = {isa = PBXFileReference; includeInIndex = 1; lastKnownFileType = text.xcconfig; name = "Pods-xx1.0.release.xcconfig"; path = "Pods/Target Support Files/Pods-xx1.0/Pods-xx1.0.release.xcconfig"; sourceTree = "<group>"; };
		A6179AA9222924A600D9960E /* addBooksViewController.swift */ = {isa = PBXFileReference; lastKnownFileType = sourcecode.swift; path = addBooksViewController.swift; sourceTree = "<group>"; };
		A6179AB0222B800500D9960E /* dic1.plist */ = {isa = PBXFileReference; lastKnownFileType = text.plist.xml; path = dic1.plist; sourceTree = "<group>"; };
		A6179AB2222E677800D9960E /* dic2.plist */ = {isa = PBXFileReference; lastKnownFileType = text.plist.xml; path = dic2.plist; sourceTree = "<group>"; };
		A6179AB4222E67CC00D9960E /* dic3.plist */ = {isa = PBXFileReference; lastKnownFileType = text.plist.xml; path = dic3.plist; sourceTree = "<group>"; };
		A6179AB6222E67D800D9960E /* dic4.plist */ = {isa = PBXFileReference; lastKnownFileType = text.plist.xml; path = dic4.plist; sourceTree = "<group>"; };
		A6179AB8222E67EC00D9960E /* dic5.plist */ = {isa = PBXFileReference; lastKnownFileType = text.plist.xml; path = dic5.plist; sourceTree = "<group>"; };
		A68C13AB224A1105009E61BE /* CameraHandler.swift */ = {isa = PBXFileReference; fileEncoding = 4; lastKnownFileType = sourcecode.swift; path = CameraHandler.swift; sourceTree = "<group>"; };
		EFFBA599A9062A9777C2D739 /* Pods-xx1.0.debug.xcconfig */ = {isa = PBXFileReference; includeInIndex = 1; lastKnownFileType = text.xcconfig; name = "Pods-xx1.0.debug.xcconfig"; path = "Pods/Target Support Files/Pods-xx1.0/Pods-xx1.0.debug.xcconfig"; sourceTree = "<group>"; };
		F2D9DCD7DE8B8B052214391C /* Pods_xx1_0.framework */ = {isa = PBXFileReference; explicitFileType = wrapper.framework; includeInIndex = 0; path = Pods_xx1_0.framework; sourceTree = BUILT_PRODUCTS_DIR; };
/* End PBXFileReference section */

/* Begin PBXFrameworksBuildPhase section */
		58B1118622007E700094C9C3 /* Frameworks */ = {
			isa = PBXFrameworksBuildPhase;
			buildActionMask = 2147483647;
			files = (
				2B52A26D09EEEBCA1499604C /* Pods_xx1_0.framework in Frameworks */,
			);
			runOnlyForDeploymentPostprocessing = 0;
		};
/* End PBXFrameworksBuildPhase section */

/* Begin PBXGroup section */
		33C4C76A53309249C2F97C7C /* Frameworks */ = {
			isa = PBXGroup;
			children = (
				F2D9DCD7DE8B8B052214391C /* Pods_xx1_0.framework */,
			);
			name = Frameworks;
			sourceTree = "<group>";
		};
		58B1118022007E700094C9C3 = {
			isa = PBXGroup;
			children = (
				58B1118B22007E700094C9C3 /* xx1.0 */,
				58B1118A22007E700094C9C3 /* Products */,
				7CF8E9B3DF3F9F0C76ABED51 /* Pods */,
				33C4C76A53309249C2F97C7C /* Frameworks */,
			);
			sourceTree = "<group>";
		};
		58B1118A22007E700094C9C3 /* Products */ = {
			isa = PBXGroup;
			children = (
				58B1118922007E700094C9C3 /* xx1.0.app */,
			);
			name = Products;
			sourceTree = "<group>";
		};
		58B1118B22007E700094C9C3 /* xx1.0 */ = {
			isa = PBXGroup;
			children = (
				58B111AC220176650094C9C3 /* MCTabBar */,
				58B1118C22007E700094C9C3 /* AppDelegate.swift */,
				58B111B32201796F0094C9C3 /* xxNavigationController.swift */,
				58B111B12201781D0094C9C3 /* xxTabBarViewController.swift */,
				58B111B522017AD70094C9C3 /* xxViewController */,
				58B1119822007E710094C9C3 /* Info.plist */,
				A6179AB0222B800500D9960E /* dic1.plist */,
				A6179AB2222E677800D9960E /* dic2.plist */,
				A6179AB4222E67CC00D9960E /* dic3.plist */,
				A6179AB6222E67D800D9960E /* dic4.plist */,
				A6179AB8222E67EC00D9960E /* dic5.plist */,
				58B1119322007E710094C9C3 /* Assets.xcassets */,
				58B1119522007E710094C9C3 /* LaunchScreen.storyboard */,
			);
			path = xx1.0;
			sourceTree = "<group>";
		};
		58B111AC220176650094C9C3 /* MCTabBar */ = {
			isa = PBXGroup;
			children = (
				58B111AD220176650094C9C3 /* MCTabBar.swift */,
				58B111AE220176650094C9C3 /* MCTabBarController.swift */,
			);
			path = MCTabBar;
			sourceTree = "<group>";
		};
		58B111B522017AD70094C9C3 /* xxViewController */ = {
			isa = PBXGroup;
			children = (
				A68C13AB224A1105009E61BE /* CameraHandler.swift */,
				A6179AA9222924A600D9960E /* addBooksViewController.swift */,
				58B111BA22017AD70094C9C3 /* AccountViewController.swift */,
				58B111B822017AD70094C9C3 /* DetailViewController.swift */,
				58B111B922017AD70094C9C3 /* ChartViewController.swift */,
				58B111B622017AD70094C9C3 /* SettingViewController.swift */,
			);
			path = xxViewController;
			sourceTree = "<group>";
		};
		7CF8E9B3DF3F9F0C76ABED51 /* Pods */ = {
			isa = PBXGroup;
			children = (
				EFFBA599A9062A9777C2D739 /* Pods-xx1.0.debug.xcconfig */,
				726C82CBE3103A7BD2B4F43A /* Pods-xx1.0.release.xcconfig */,
			);
			name = Pods;
			sourceTree = "<group>";
		};
/* End PBXGroup section */

/* Begin PBXNativeTarget section */
		58B1118822007E700094C9C3 /* xx1.0 */ = {
			isa = PBXNativeTarget;
			buildConfigurationList = 58B1119B22007E710094C9C3 /* Build configuration list for PBXNativeTarget "xx1.0" */;
			buildPhases = (
				AD07D13C2743FEBE349C79EC /* [CP] Check Pods Manifest.lock */,
				58B1118522007E700094C9C3 /* Sources */,
				58B1118622007E700094C9C3 /* Frameworks */,
				58B1118722007E700094C9C3 /* Resources */,
				9F6729EC82B7DB5F8AFD35B2 /* [CP] Embed Pods Frameworks */,
			);
			buildRules = (
			);
			dependencies = (
			);
			name = xx1.0;
			productName = xx1.0;
			productReference = 58B1118922007E700094C9C3 /* xx1.0.app */;
			productType = "com.apple.product-type.application";
		};
/* End PBXNativeTarget section */

/* Begin PBXProject section */
		58B1118122007E700094C9C3 /* Project object */ = {
			isa = PBXProject;
			attributes = {
				LastSwiftUpdateCheck = 1010;
				LastUpgradeCheck = 1010;
				ORGANIZATIONNAME = "小嘉仪";
				TargetAttributes = {
					58B1118822007E700094C9C3 = {
						CreatedOnToolsVersion = 10.1;
					};
				};
			};
			buildConfigurationList = 58B1118422007E700094C9C3 /* Build configuration list for PBXProject "xx1.0" */;
			compatibilityVersion = "Xcode 9.3";
			developmentRegion = en;
			hasScannedForEncodings = 0;
			knownRegions = (
				en,
				Base,
			);
			mainGroup = 58B1118022007E700094C9C3;
			productRefGroup = 58B1118A22007E700094C9C3 /* Products */;
			projectDirPath = "";
			projectRoot = "";
			targets = (
				58B1118822007E700094C9C3 /* xx1.0 */,
			);
		};
/* End PBXProject section */

/* Begin PBXResourcesBuildPhase section */
		58B1118722007E700094C9C3 /* Resources */ = {
			isa = PBXResourcesBuildPhase;
			buildActionMask = 2147483647;
			files = (
				58B1119722007E710094C9C3 /* LaunchScreen.storyboard in Resources */,
				A6179AB9222E67EC00D9960E /* dic5.plist in Resources */,
				58B1119422007E710094C9C3 /* Assets.xcassets in Resources */,
				A6179AB7222E67D800D9960E /* dic4.plist in Resources */,
				A6179AB3222E677800D9960E /* dic2.plist in Resources */,
				A6179AB5222E67CC00D9960E /* dic3.plist in Resources */,
				A6179AB1222B800500D9960E /* dic1.plist in Resources */,
			);
			runOnlyForDeploymentPostprocessing = 0;
		};
/* End PBXResourcesBuildPhase section */

/* Begin PBXShellScriptBuildPhase section */
		9F6729EC82B7DB5F8AFD35B2 /* [CP] Embed Pods Frameworks */ = {
			isa = PBXShellScriptBuildPhase;
			buildActionMask = 2147483647;
			files = (
			);
			inputFileListPaths = (
			);
			inputPaths = (
				"${SRCROOT}/Pods/Target Support Files/Pods-xx1.0/Pods-xx1.0-frameworks.sh",
				"${BUILT_PRODUCTS_DIR}/Customkeyboard/Customkeyboard.framework",
			);
			name = "[CP] Embed Pods Frameworks";
			outputFileListPaths = (
			);
			outputPaths = (
				"${TARGET_BUILD_DIR}/${FRAMEWORKS_FOLDER_PATH}/Customkeyboard.framework",
			);
			runOnlyForDeploymentPostprocessing = 0;
			shellPath = /bin/sh;
			shellScript = "\"${SRCROOT}/Pods/Target Support Files/Pods-xx1.0/Pods-xx1.0-frameworks.sh\"\n";
			showEnvVarsInLog = 0;
		};
		AD07D13C2743FEBE349C79EC /* [CP] Check Pods Manifest.lock */ = {
			isa = PBXShellScriptBuildPhase;
			buildActionMask = 2147483647;
			files = (
			);
			inputFileListPaths = (
			);
			inputPaths = (
				"${PODS_PODFILE_DIR_PATH}/Podfile.lock",
				"${PODS_ROOT}/Manifest.lock",
			);
			name = "[CP] Check Pods Manifest.lock";
			outputFileListPaths = (
			);
			outputPaths = (
				"$(DERIVED_FILE_DIR)/Pods-xx1.0-checkManifestLockResult.txt",
			);
			runOnlyForDeploymentPostprocessing = 0;
			shellPath = /bin/sh;
			shellScript = "diff \"${PODS_PODFILE_DIR_PATH}/Podfile.lock\" \"${PODS_ROOT}/Manifest.lock\" > /dev/null\nif [ $? != 0 ] ; then\n    # print error to STDERR\n    echo \"error: The sandbox is not in sync with the Podfile.lock. Run 'pod install' or update your CocoaPods installation.\" >&2\n    exit 1\nfi\n# This output is used by Xcode 'outputs' to avoid re-running this script phase.\necho \"SUCCESS\" > \"${SCRIPT_OUTPUT_FILE_0}\"\n";
			showEnvVarsInLog = 0;
		};
/* End PBXShellScriptBuildPhase section */

/* Begin PBXSourcesBuildPhase section */
		58B1118522007E700094C9C3 /* Sources */ = {
			isa = PBXSourcesBuildPhase;
			buildActionMask = 2147483647;
			files = (
				58B111BF22017AD70094C9C3 /* AccountViewController.swift in Sources */,
				58B1118D22007E700094C9C3 /* AppDelegate.swift in Sources */,
				58B111AF220176660094C9C3 /* MCTabBar.swift in Sources */,
				58B111B22201781D0094C9C3 /* xxTabBarViewController.swift in Sources */,
				A68C13AC224A1106009E61BE /* CameraHandler.swift in Sources */,
				58B111B42201796F0094C9C3 /* xxNavigationController.swift in Sources */,
				A6179AAA222924A600D9960E /* addBooksViewController.swift in Sources */,
				58B111B0220176660094C9C3 /* MCTabBarController.swift in Sources */,
				58B111BB22017AD70094C9C3 /* SettingViewController.swift in Sources */,
				58B111BD22017AD70094C9C3 /* DetailViewController.swift in Sources */,
				58B111BE22017AD70094C9C3 /* ChartViewController.swift in Sources */,
			);
			runOnlyForDeploymentPostprocessing = 0;
		};
/* End PBXSourcesBuildPhase section */

/* Begin PBXVariantGroup section */
		58B1119522007E710094C9C3 /* LaunchScreen.storyboard */ = {
			isa = PBXVariantGroup;
			children = (
				58B1119622007E710094C9C3 /* Base */,
			);
			name = LaunchScreen.storyboard;
			sourceTree = "<group>";
		};
/* End PBXVariantGroup section */

/* Begin XCBuildConfiguration section */
		58B1119922007E710094C9C3 /* Debug */ = {
			isa = XCBuildConfiguration;
			buildSettings = {
				ALWAYS_SEARCH_USER_PATHS = NO;
				CLANG_ANALYZER_NONNULL = YES;
				CLANG_ANALYZER_NUMBER_OBJECT_CONVERSION = YES_AGGRESSIVE;
				CLANG_CXX_LANGUAGE_STANDARD = "gnu++14";
				CLANG_CXX_LIBRARY = "libc++";
				CLANG_ENABLE_MODULES = YES;
				CLANG_ENABLE_OBJC_ARC = YES;
				CLANG_ENABLE_OBJC_WEAK = YES;
				CLANG_WARN_BLOCK_CAPTURE_AUTORELEASING = YES;
				CLANG_WARN_BOOL_CONVERSION = YES;
				CLANG_WARN_COMMA = YES;
				CLANG_WARN_CONSTANT_CONVERSION = YES;
				CLANG_WARN_DEPRECATED_OBJC_IMPLEMENTATIONS = YES;
				CLANG_WARN_DIRECT_OBJC_ISA_USAGE = YES_ERROR;
				CLANG_WARN_DOCUMENTATION_COMMENTS = YES;
				CLANG_WARN_EMPTY_BODY = YES;
				CLANG_WARN_ENUM_CONVERSION = YES;
				CLANG_WARN_INFINITE_RECURSION = YES;
				CLANG_WARN_INT_CONVERSION = YES;
				CLANG_WARN_NON_LITERAL_NULL_CONVERSION = YES;
				CLANG_WARN_OBJC_IMPLICIT_RETAIN_SELF = YES;
				CLANG_WARN_OBJC_LITERAL_CONVERSION = YES;
				CLANG_WARN_OBJC_ROOT_CLASS = YES_ERROR;
				CLANG_WARN_RANGE_LOOP_ANALYSIS = YES;
				CLANG_WARN_STRICT_PROTOTYPES = YES;
				CLANG_WARN_SUSPICIOUS_MOVE = YES;
				CLANG_WARN_UNGUARDED_AVAILABILITY = YES_AGGRESSIVE;
				CLANG_WARN_UNREACHABLE_CODE = YES;
				CLANG_WARN__DUPLICATE_METHOD_MATCH = YES;
				CODE_SIGN_IDENTITY = "iPhone Developer";
				COPY_PHASE_STRIP = NO;
				DEBUG_INFORMATION_FORMAT = dwarf;
				ENABLE_STRICT_OBJC_MSGSEND = YES;
				ENABLE_TESTABILITY = YES;
				GCC_C_LANGUAGE_STANDARD = gnu11;
				GCC_DYNAMIC_NO_PIC = NO;
				GCC_NO_COMMON_BLOCKS = YES;
				GCC_OPTIMIZATION_LEVEL = 0;
				GCC_PREPROCESSOR_DEFINITIONS = (
					"DEBUG=1",
					"$(inherited)",
				);
				GCC_WARN_64_TO_32_BIT_CONVERSION = YES;
				GCC_WARN_ABOUT_RETURN_TYPE = YES_ERROR;
				GCC_WARN_UNDECLARED_SELECTOR = YES;
				GCC_WARN_UNINITIALIZED_AUTOS = YES_AGGRESSIVE;
				GCC_WARN_UNUSED_FUNCTION = YES;
				GCC_WARN_UNUSED_VARIABLE = YES;
				IPHONEOS_DEPLOYMENT_TARGET = 12.1;
				MTL_ENABLE_DEBUG_INFO = INCLUDE_SOURCE;
				MTL_FAST_MATH = YES;
				ONLY_ACTIVE_ARCH = YES;
				SDKROOT = iphoneos;
				SWIFT_ACTIVE_COMPILATION_CONDITIONS = DEBUG;
				SWIFT_OPTIMIZATION_LEVEL = "-Onone";
			};
			name = Debug;
		};
		58B1119A22007E710094C9C3 /* Release */ = {
			isa = XCBuildConfiguration;
			buildSettings = {
				ALWAYS_SEARCH_USER_PATHS = NO;
				CLANG_ANALYZER_NONNULL = YES;
				CLANG_ANALYZER_NUMBER_OBJECT_CONVERSION = YES_AGGRESSIVE;
				CLANG_CXX_LANGUAGE_STANDARD = "gnu++14";
				CLANG_CXX_LIBRARY = "libc++";
				CLANG_ENABLE_MODULES = YES;
				CLANG_ENABLE_OBJC_ARC = YES;
				CLANG_ENABLE_OBJC_WEAK = YES;
				CLANG_WARN_BLOCK_CAPTURE_AUTORELEASING = YES;
				CLANG_WARN_BOOL_CONVERSION = YES;
				CLANG_WARN_COMMA = YES;
				CLANG_WARN_CONSTANT_CONVERSION = YES;
				CLANG_WARN_DEPRECATED_OBJC_IMPLEMENTATIONS = YES;
				CLANG_WARN_DIRECT_OBJC_ISA_USAGE = YES_ERROR;
				CLANG_WARN_DOCUMENTATION_COMMENTS = YES;
				CLANG_WARN_EMPTY_BODY = YES;
				CLANG_WARN_ENUM_CONVERSION = YES;
				CLANG_WARN_INFINITE_RECURSION = YES;
				CLANG_WARN_INT_CONVERSION = YES;
				CLANG_WARN_NON_LITERAL_NULL_CONVERSION = YES;
				CLANG_WARN_OBJC_IMPLICIT_RETAIN_SELF = YES;
				CLANG_WARN_OBJC_LITERAL_CONVERSION = YES;
				CLANG_WARN_OBJC_ROOT_CLASS = YES_ERROR;
				CLANG_WARN_RANGE_LOOP_ANALYSIS = YES;
				CLANG_WARN_STRICT_PROTOTYPES = YES;
				CLANG_WARN_SUSPICIOUS_MOVE = YES;
				CLANG_WARN_UNGUARDED_AVAILABILITY = YES_AGGRESSIVE;
				CLANG_WARN_UNREACHABLE_CODE = YES;
				CLANG_WARN__DUPLICATE_METHOD_MATCH = YES;
				CODE_SIGN_IDENTITY = "iPhone Developer";
				COPY_PHASE_STRIP = NO;
				DEBUG_INFORMATION_FORMAT = "dwarf-with-dsym";
				ENABLE_NS_ASSERTIONS = NO;
				ENABLE_STRICT_OBJC_MSGSEND = YES;
				GCC_C_LANGUAGE_STANDARD = gnu11;
				GCC_NO_COMMON_BLOCKS = YES;
				GCC_WARN_64_TO_32_BIT_CONVERSION = YES;
				GCC_WARN_ABOUT_RETURN_TYPE = YES_ERROR;
				GCC_WARN_UNDECLARED_SELECTOR = YES;
				GCC_WARN_UNINITIALIZED_AUTOS = YES_AGGRESSIVE;
				GCC_WARN_UNUSED_FUNCTION = YES;
				GCC_WARN_UNUSED_VARIABLE = YES;
				IPHONEOS_DEPLOYMENT_TARGET = 12.1;
				MTL_ENABLE_DEBUG_INFO = NO;
				MTL_FAST_MATH = YES;
				SDKROOT = iphoneos;
				SWIFT_COMPILATION_MODE = wholemodule;
				SWIFT_OPTIMIZATION_LEVEL = "-O";
				VALIDATE_PRODUCT = YES;
			};
			name = Release;
		};
		58B1119C22007E710094C9C3 /* Debug */ = {
			isa = XCBuildConfiguration;
			baseConfigurationReference = EFFBA599A9062A9777C2D739 /* Pods-xx1.0.debug.xcconfig */;
			buildSettings = {
				ASSETCATALOG_COMPILER_APPICON_NAME = AppIcon;
				CODE_SIGN_STYLE = Automatic;
				DEVELOPMENT_TEAM = LRCXVM4X7G;
				INFOPLIST_FILE = xx1.0/Info.plist;
				LD_RUNPATH_SEARCH_PATHS = (
					"$(inherited)",
					"@executable_path/Frameworks",
				);
				PRODUCT_BUNDLE_IDENTIFIER = "flower.xx1-0";
				PRODUCT_NAME = "$(TARGET_NAME)";
				SWIFT_VERSION = 4.2;
				TARGETED_DEVICE_FAMILY = "1,2";
			};
			name = Debug;
		};
		58B1119D22007E710094C9C3 /* Release */ = {
			isa = XCBuildConfiguration;
			baseConfigurationReference = 726C82CBE3103A7BD2B4F43A /* Pods-xx1.0.release.xcconfig */;
			buildSettings = {
				ASSETCATALOG_COMPILER_APPICON_NAME = AppIcon;
				CODE_SIGN_STYLE = Automatic;
				DEVELOPMENT_TEAM = LRCXVM4X7G;
				INFOPLIST_FILE = xx1.0/Info.plist;
				LD_RUNPATH_SEARCH_PATHS = (
					"$(inherited)",
					"@executable_path/Frameworks",
				);
				PRODUCT_BUNDLE_IDENTIFIER = "flower.xx1-0";
				PRODUCT_NAME = "$(TARGET_NAME)";
				SWIFT_VERSION = 4.2;
				TARGETED_DEVICE_FAMILY = "1,2";
			};
			name = Release;
		};
/* End XCBuildConfiguration section */

/* Begin XCConfigurationList section */
		58B1118422007E700094C9C3 /* Build configuration list for PBXProject "xx1.0" */ = {
			isa = XCConfigurationList;
			buildConfigurations = (
				58B1119922007E710094C9C3 /* Debug */,
				58B1119A22007E710094C9C3 /* Release */,
			);
			defaultConfigurationIsVisible = 0;
			defaultConfigurationName = Release;
		};
		58B1119B22007E710094C9C3 /* Build configuration list for PBXNativeTarget "xx1.0" */ = {
			isa = XCConfigurationList;
			buildConfigurations = (
				58B1119C22007E710094C9C3 /* Debug */,
				58B1119D22007E710094C9C3 /* Release */,
			);
			defaultConfigurationIsVisible = 0;
			defaultConfigurationName = Release;
		};
/* End XCConfigurationList section */
	};
	rootObject = 58B1118122007E700094C9C3 /* Project object */;
}
